PODS:
  - SugarRecord/CoreData (1.0.3)

DEPENDENCIES:
  - SugarRecord/CoreData (from `https://github.com/sugarrecord/sugarrecord.git`, tag `1.0.3`)

EXTERNAL SOURCES:
  SugarRecord:
    :git: https://github.com/sugarrecord/sugarrecord.git
    :tag: 1.0.3

CHECKOUT OPTIONS:
  SugarRecord:
    :git: https://github.com/sugarrecord/sugarrecord.git
    :tag: 1.0.3

SPEC CHECKSUMS:
  SugarRecord: f5de0d1bfd7df55ecf8665098981b10ce2830b7f

COCOAPODS: 0.35.0
