// !$*UTF8*$!
{
	archiveVersion = 1;
	classes = {
	};
	objectVersion = 46;
	objects = {

/* Begin PBXBuildFile section */
		2355ADF91D91C0D300836EF6 /* CoreDataObservableTests.swift in Sources */ = {isa = PBXBuildFile; fileRef = 23C6F38C1D77945A0086ADC7 /* CoreDataObservableTests.swift */; };
		23C453481D778CE000483DB4 /* Assets.xcassets in Resources */ = {isa = PBXBuildFile; fileRef = 23C453291D778CE000483DB4 /* Assets.xcassets */; };
		23C453491D778CE000483DB4 /* Basic.xcdatamodeld in Sources */ = {isa = PBXBuildFile; fileRef = 23C4532B1D778CE000483DB4 /* Basic.xcdatamodeld */; };
		23C4534A1D778CE000483DB4 /* LaunchScreen.storyboard in Resources */ = {isa = PBXBuildFile; fileRef = 23C4532E1D778CE000483DB4 /* LaunchScreen.storyboard */; };
		23C4534B1D778CE000483DB4 /* AppDelegate.swift in Sources */ = {isa = PBXBuildFile; fileRef = 23C453311D778CE000483DB4 /* AppDelegate.swift */; };
		23C4534C1D778CE000483DB4 /* CoreDataBasicView.swift in Sources */ = {isa = PBXBuildFile; fileRef = 23C453351D778CE000483DB4 /* CoreDataBasicView.swift */; };
		23C4534D1D778CE000483DB4 /* BasicObject.swift in Sources */ = {isa = PBXBuildFile; fileRef = 23C453371D778CE000483DB4 /* BasicObject.swift */; };
		23C4534E1D778CE000483DB4 /* CoreDataBasicEntity.swift in Sources */ = {isa = PBXBuildFile; fileRef = 23C453381D778CE000483DB4 /* CoreDataBasicEntity.swift */; };
		23C453501D778CE000483DB4 /* RealmBasicView.swift in Sources */ = {isa = PBXBuildFile; fileRef = 23C4533D1D778CE000483DB4 /* RealmBasicView.swift */; };
		23C453511D778CE000483DB4 /* RealmBasicEntity.swift in Sources */ = {isa = PBXBuildFile; fileRef = 23C4533F1D778CE000483DB4 /* RealmBasicEntity.swift */; };
		23C453521D778CE000483DB4 /* RealmBasicObject.swift in Sources */ = {isa = PBXBuildFile; fileRef = 23C453401D778CE000483DB4 /* RealmBasicObject.swift */; };
		23C453541D778CE000483DB4 /* Directory.swift in Sources */ = {isa = PBXBuildFile; fileRef = 23C453441D778CE000483DB4 /* Directory.swift */; };
		23C453551D778CE000483DB4 /* Random.swift in Sources */ = {isa = PBXBuildFile; fileRef = 23C453451D778CE000483DB4 /* Random.swift */; };
		23C453561D778CE000483DB4 /* ViewController.swift in Sources */ = {isa = PBXBuildFile; fileRef = 23C453471D778CE000483DB4 /* ViewController.swift */; };
		23C6F3A41D77945A0086ADC7 /* CoreData.swift in Sources */ = {isa = PBXBuildFile; fileRef = 23C6F37C1D77945A0086ADC7 /* CoreData.swift */; };
		23C6F3A51D77945A0086ADC7 /* Realm.swift in Sources */ = {isa = PBXBuildFile; fileRef = 23C6F37D1D77945A0086ADC7 /* Realm.swift */; };
		23C6F3A61D77945A0086ADC7 /* Track+CoreDataProperties.swift in Sources */ = {isa = PBXBuildFile; fileRef = 23C6F3801D77945A0086ADC7 /* Track+CoreDataProperties.swift */; };
		23C6F3A71D77945A0086ADC7 /* Track.swift in Sources */ = {isa = PBXBuildFile; fileRef = 23C6F3811D77945A0086ADC7 /* Track.swift */; };
		23C6F3A81D77945A0086ADC7 /* Issue.swift in Sources */ = {isa = PBXBuildFile; fileRef = 23C6F3831D77945A0086ADC7 /* Issue.swift */; };
		23C6F3A91D77945A0086ADC7 /* Repository.swift in Sources */ = {isa = PBXBuildFile; fileRef = 23C6F3841D77945A0086ADC7 /* Repository.swift */; };
		23C6F3AA1D77945A0086ADC7 /* DataModel.xcdatamodeld in Sources */ = {isa = PBXBuildFile; fileRef = 23C6F3861D77945A0086ADC7 /* DataModel.xcdatamodeld */; };
		23C6F3AB1D77945A0086ADC7 /* CoreDataChangeTests.swift in Sources */ = {isa = PBXBuildFile; fileRef = 23C6F38B1D77945A0086ADC7 /* CoreDataChangeTests.swift */; };
		23C6F3AD1D77945A0086ADC7 /* ObjectModelTests.swift in Sources */ = {isa = PBXBuildFile; fileRef = 23C6F38D1D77945A0086ADC7 /* ObjectModelTests.swift */; };
		23C6F3AE1D77945A0086ADC7 /* OptionsTests.swift in Sources */ = {isa = PBXBuildFile; fileRef = 23C6F38E1D77945A0086ADC7 /* OptionsTests.swift */; };
		23C6F3AF1D77945A0086ADC7 /* StoreTests.swift in Sources */ = {isa = PBXBuildFile; fileRef = 23C6F38F1D77945A0086ADC7 /* StoreTests.swift */; };
		23C6F3B01D77945A0086ADC7 /* CoreDataDefaultStorageTests.swift in Sources */ = {isa = PBXBuildFile; fileRef = 23C6F3911D77945A0086ADC7 /* CoreDataDefaultStorageTests.swift */; };
		23C6F3B11D77945A0086ADC7 /* RequestTests.swift in Sources */ = {isa = PBXBuildFile; fileRef = 23C6F3941D77945A0086ADC7 /* RequestTests.swift */; };
		23C6F3B21D77945A0086ADC7 /* DirUtilsTests.swift in Sources */ = {isa = PBXBuildFile; fileRef = 23C6F3961D77945A0086ADC7 /* DirUtilsTests.swift */; };
		23C6F3B31D77945A0086ADC7 /* VersionControllerTests.swift in Sources */ = {isa = PBXBuildFile; fileRef = 23C6F3981D77945A0086ADC7 /* VersionControllerTests.swift */; };
		23C6F3B41D77945A0086ADC7 /* VersionProviderTests.swift in Sources */ = {isa = PBXBuildFile; fileRef = 23C6F3991D77945A0086ADC7 /* VersionProviderTests.swift */; };
		23C6F3B61D77945A0086ADC7 /* RealmObservableTests.swift in Sources */ = {isa = PBXBuildFile; fileRef = 23C6F39E1D77945A0086ADC7 /* RealmObservableTests.swift */; };
		23C6F3B71D77945A0086ADC7 /* RealmTests.swift in Sources */ = {isa = PBXBuildFile; fileRef = 23C6F3A01D77945A0086ADC7 /* RealmTests.swift */; };
		23C6F3B81D77945A0086ADC7 /* ResultsTests.swift in Sources */ = {isa = PBXBuildFile; fileRef = 23C6F3A11D77945A0086ADC7 /* ResultsTests.swift */; };
		23C6F3B91D77945A0086ADC7 /* RealmDefaultStorageTests.swift in Sources */ = {isa = PBXBuildFile; fileRef = 23C6F3A31D77945A0086ADC7 /* RealmDefaultStorageTests.swift */; };
		77E7620FDA08FDB760020698 /* Pods_Tests.framework in Frameworks */ = {isa = PBXBuildFile; fileRef = 69A5A24E621A39568E861BD3 /* Pods_Tests.framework */; };
		CA389ACF0976C09199339883 /* Pods_Examples.framework in Frameworks */ = {isa = PBXBuildFile; fileRef = 3AF27D17BD889796347061DB /* Pods_Examples.framework */; };
		D452E5FE2867BD0C350E8513 /* Pods_iOS.framework in Frameworks */ = {isa = PBXBuildFile; fileRef = 1CB7678692882EFC39927FB5 /* Pods_iOS.framework */; };
/* End PBXBuildFile section */

/* Begin PBXFileReference section */
		0513623BA0E3B353159F3CE0 /* Pods-Examples.release.xcconfig */ = {isa = PBXFileReference; includeInIndex = 1; lastKnownFileType = text.xcconfig; name = "Pods-Examples.release.xcconfig"; path = "Pods/Target Support Files/Pods-Examples/Pods-Examples.release.xcconfig"; sourceTree = "<group>"; };
		0A4E7F9F3F335546243A9A30 /* Pods-Tests.debug.xcconfig */ = {isa = PBXFileReference; includeInIndex = 1; lastKnownFileType = text.xcconfig; name = "Pods-Tests.debug.xcconfig"; path = "Pods/Target Support Files/Pods-Tests/Pods-Tests.debug.xcconfig"; sourceTree = "<group>"; };
		1CB7678692882EFC39927FB5 /* Pods_iOS.framework */ = {isa = PBXFileReference; explicitFileType = wrapper.framework; includeInIndex = 0; path = Pods_iOS.framework; sourceTree = BUILT_PRODUCTS_DIR; };
		23C4530F1D77899A00483DB4 /* Info.plist */ = {isa = PBXFileReference; fileEncoding = 4; lastKnownFileType = text.plist.xml; path = Info.plist; sourceTree = "<group>"; };
		23C453151D7789A900483DB4 /* Examples.app */ = {isa = PBXFileReference; explicitFileType = wrapper.application; includeInIndex = 0; path = Examples.app; sourceTree = BUILT_PRODUCTS_DIR; };
		23C453291D778CE000483DB4 /* Assets.xcassets */ = {isa = PBXFileReference; lastKnownFileType = folder.assetcatalog; path = Assets.xcassets; sourceTree = "<group>"; };
		23C4532C1D778CE000483DB4 /* Basic.xcdatamodel */ = {isa = PBXFileReference; lastKnownFileType = wrapper.xcdatamodel; path = Basic.xcdatamodel; sourceTree = "<group>"; };
		23C4532E1D778CE000483DB4 /* LaunchScreen.storyboard */ = {isa = PBXFileReference; fileEncoding = 4; lastKnownFileType = file.storyboard; path = LaunchScreen.storyboard; sourceTree = "<group>"; };
		23C453311D778CE000483DB4 /* AppDelegate.swift */ = {isa = PBXFileReference; fileEncoding = 4; lastKnownFileType = sourcecode.swift; path = AppDelegate.swift; sourceTree = "<group>"; };
		23C453351D778CE000483DB4 /* CoreDataBasicView.swift */ = {isa = PBXFileReference; fileEncoding = 4; lastKnownFileType = sourcecode.swift; path = CoreDataBasicView.swift; sourceTree = "<group>"; };
		23C453371D778CE000483DB4 /* BasicObject.swift */ = {isa = PBXFileReference; fileEncoding = 4; lastKnownFileType = sourcecode.swift; path = BasicObject.swift; sourceTree = "<group>"; };
		23C453381D778CE000483DB4 /* CoreDataBasicEntity.swift */ = {isa = PBXFileReference; fileEncoding = 4; lastKnownFileType = sourcecode.swift; path = CoreDataBasicEntity.swift; sourceTree = "<group>"; };
		23C4533D1D778CE000483DB4 /* RealmBasicView.swift */ = {isa = PBXFileReference; fileEncoding = 4; lastKnownFileType = sourcecode.swift; path = RealmBasicView.swift; sourceTree = "<group>"; };
		23C4533F1D778CE000483DB4 /* RealmBasicEntity.swift */ = {isa = PBXFileReference; fileEncoding = 4; lastKnownFileType = sourcecode.swift; path = RealmBasicEntity.swift; sourceTree = "<group>"; };
		23C453401D778CE000483DB4 /* RealmBasicObject.swift */ = {isa = PBXFileReference; fileEncoding = 4; lastKnownFileType = sourcecode.swift; path = RealmBasicObject.swift; sourceTree = "<group>"; };
		23C453441D778CE000483DB4 /* Directory.swift */ = {isa = PBXFileReference; fileEncoding = 4; lastKnownFileType = sourcecode.swift; path = Directory.swift; sourceTree = "<group>"; };
		23C453451D778CE000483DB4 /* Random.swift */ = {isa = PBXFileReference; fileEncoding = 4; lastKnownFileType = sourcecode.swift; path = Random.swift; sourceTree = "<group>"; };
		23C453471D778CE000483DB4 /* ViewController.swift */ = {isa = PBXFileReference; fileEncoding = 4; lastKnownFileType = sourcecode.swift; path = ViewController.swift; sourceTree = "<group>"; };
		23C453571D778D0C00483DB4 /* Info.plist */ = {isa = PBXFileReference; fileEncoding = 4; lastKnownFileType = text.plist.xml; path = Info.plist; sourceTree = "<group>"; };
		23C6F37C1D77945A0086ADC7 /* CoreData.swift */ = {isa = PBXFileReference; fileEncoding = 4; lastKnownFileType = sourcecode.swift; path = CoreData.swift; sourceTree = "<group>"; };
		23C6F37D1D77945A0086ADC7 /* Realm.swift */ = {isa = PBXFileReference; fileEncoding = 4; lastKnownFileType = sourcecode.swift; path = Realm.swift; sourceTree = "<group>"; };
		23C6F3801D77945A0086ADC7 /* Track+CoreDataProperties.swift */ = {isa = PBXFileReference; fileEncoding = 4; lastKnownFileType = sourcecode.swift; path = "Track+CoreDataProperties.swift"; sourceTree = "<group>"; };
		23C6F3811D77945A0086ADC7 /* Track.swift */ = {isa = PBXFileReference; fileEncoding = 4; lastKnownFileType = sourcecode.swift; path = Track.swift; sourceTree = "<group>"; };
		23C6F3831D77945A0086ADC7 /* Issue.swift */ = {isa = PBXFileReference; fileEncoding = 4; lastKnownFileType = sourcecode.swift; path = Issue.swift; sourceTree = "<group>"; };
		23C6F3841D77945A0086ADC7 /* Repository.swift */ = {isa = PBXFileReference; fileEncoding = 4; lastKnownFileType = sourcecode.swift; path = Repository.swift; sourceTree = "<group>"; };
		23C6F3871D77945A0086ADC7 /* DataModel.xcdatamodel */ = {isa = PBXFileReference; lastKnownFileType = wrapper.xcdatamodel; path = DataModel.xcdatamodel; sourceTree = "<group>"; };
		23C6F38B1D77945A0086ADC7 /* CoreDataChangeTests.swift */ = {isa = PBXFileReference; fileEncoding = 4; lastKnownFileType = sourcecode.swift; path = CoreDataChangeTests.swift; sourceTree = "<group>"; };
		23C6F38C1D77945A0086ADC7 /* CoreDataObservableTests.swift */ = {isa = PBXFileReference; fileEncoding = 4; lastKnownFileType = sourcecode.swift; path = CoreDataObservableTests.swift; sourceTree = "<group>"; };
		23C6F38D1D77945A0086ADC7 /* ObjectModelTests.swift */ = {isa = PBXFileReference; fileEncoding = 4; lastKnownFileType = sourcecode.swift; path = ObjectModelTests.swift; sourceTree = "<group>"; };
		23C6F38E1D77945A0086ADC7 /* OptionsTests.swift */ = {isa = PBXFileReference; fileEncoding = 4; lastKnownFileType = sourcecode.swift; path = OptionsTests.swift; sourceTree = "<group>"; };
		23C6F38F1D77945A0086ADC7 /* StoreTests.swift */ = {isa = PBXFileReference; fileEncoding = 4; lastKnownFileType = sourcecode.swift; path = StoreTests.swift; sourceTree = "<group>"; };
		23C6F3911D77945A0086ADC7 /* CoreDataDefaultStorageTests.swift */ = {isa = PBXFileReference; fileEncoding = 4; lastKnownFileType = sourcecode.swift; path = CoreDataDefaultStorageTests.swift; sourceTree = "<group>"; };
		23C6F3941D77945A0086ADC7 /* RequestTests.swift */ = {isa = PBXFileReference; fileEncoding = 4; lastKnownFileType = sourcecode.swift; path = RequestTests.swift; sourceTree = "<group>"; };
		23C6F3961D77945A0086ADC7 /* DirUtilsTests.swift */ = {isa = PBXFileReference; fileEncoding = 4; lastKnownFileType = sourcecode.swift; path = DirUtilsTests.swift; sourceTree = "<group>"; };
		23C6F3981D77945A0086ADC7 /* VersionControllerTests.swift */ = {isa = PBXFileReference; fileEncoding = 4; lastKnownFileType = sourcecode.swift; path = VersionControllerTests.swift; sourceTree = "<group>"; };
		23C6F3991D77945A0086ADC7 /* VersionProviderTests.swift */ = {isa = PBXFileReference; fileEncoding = 4; lastKnownFileType = sourcecode.swift; path = VersionProviderTests.swift; sourceTree = "<group>"; };
		23C6F39E1D77945A0086ADC7 /* RealmObservableTests.swift */ = {isa = PBXFileReference; fileEncoding = 4; lastKnownFileType = sourcecode.swift; path = RealmObservableTests.swift; sourceTree = "<group>"; };
		23C6F3A01D77945A0086ADC7 /* RealmTests.swift */ = {isa = PBXFileReference; fileEncoding = 4; lastKnownFileType = sourcecode.swift; path = RealmTests.swift; sourceTree = "<group>"; };
		23C6F3A11D77945A0086ADC7 /* ResultsTests.swift */ = {isa = PBXFileReference; fileEncoding = 4; lastKnownFileType = sourcecode.swift; path = ResultsTests.swift; sourceTree = "<group>"; };
		23C6F3A31D77945A0086ADC7 /* RealmDefaultStorageTests.swift */ = {isa = PBXFileReference; fileEncoding = 4; lastKnownFileType = sourcecode.swift; path = RealmDefaultStorageTests.swift; sourceTree = "<group>"; };
		23EA8C981D6E1550008333A4 /* Tests.xctest */ = {isa = PBXFileReference; explicitFileType = wrapper.cfbundle; includeInIndex = 0; path = Tests.xctest; sourceTree = BUILT_PRODUCTS_DIR; };
		29FE2CCE96C3CB24F2954B8A /* Pods-iOS.release.xcconfig */ = {isa = PBXFileReference; includeInIndex = 1; lastKnownFileType = text.xcconfig; name = "Pods-iOS.release.xcconfig"; path = "Pods/Target Support Files/Pods-iOS/Pods-iOS.release.xcconfig"; sourceTree = "<group>"; };
		3146263D2EBCDCBA7B053003 /* Pods-Examples.debug.xcconfig */ = {isa = PBXFileReference; includeInIndex = 1; lastKnownFileType = text.xcconfig; name = "Pods-Examples.debug.xcconfig"; path = "Pods/Target Support Files/Pods-Examples/Pods-Examples.debug.xcconfig"; sourceTree = "<group>"; };
		3AF27D17BD889796347061DB /* Pods_Examples.framework */ = {isa = PBXFileReference; explicitFileType = wrapper.framework; includeInIndex = 0; path = Pods_Examples.framework; sourceTree = BUILT_PRODUCTS_DIR; };
		56F8AD4459C8BF60E44649EB /* Pods-iOS.debug.xcconfig */ = {isa = PBXFileReference; includeInIndex = 1; lastKnownFileType = text.xcconfig; name = "Pods-iOS.debug.xcconfig"; path = "Pods/Target Support Files/Pods-iOS/Pods-iOS.debug.xcconfig"; sourceTree = "<group>"; };
		69A5A24E621A39568E861BD3 /* Pods_Tests.framework */ = {isa = PBXFileReference; explicitFileType = wrapper.framework; includeInIndex = 0; path = Pods_Tests.framework; sourceTree = BUILT_PRODUCTS_DIR; };
		9C00DE6B27B62138ECC957C2 /* Pods-tvOS.release.xcconfig */ = {isa = PBXFileReference; includeInIndex = 1; lastKnownFileType = text.xcconfig; name = "Pods-tvOS.release.xcconfig"; path = "Pods/Target Support Files/Pods-tvOS/Pods-tvOS.release.xcconfig"; sourceTree = "<group>"; };
		A721A8DA47893D4922DCEDA7 /* Pods_tvOS.framework */ = {isa = PBXFileReference; explicitFileType = wrapper.framework; includeInIndex = 0; path = Pods_tvOS.framework; sourceTree = BUILT_PRODUCTS_DIR; };
		B3D47AFEF33877E2B95F776A /* Pods-macOS.debug.xcconfig */ = {isa = PBXFileReference; includeInIndex = 1; lastKnownFileType = text.xcconfig; name = "Pods-macOS.debug.xcconfig"; path = "Pods/Target Support Files/Pods-macOS/Pods-macOS.debug.xcconfig"; sourceTree = "<group>"; };
		B4CC78A1AB6E2B57F1B74D12 /* Pods-macOS.release.xcconfig */ = {isa = PBXFileReference; includeInIndex = 1; lastKnownFileType = text.xcconfig; name = "Pods-macOS.release.xcconfig"; path = "Pods/Target Support Files/Pods-macOS/Pods-macOS.release.xcconfig"; sourceTree = "<group>"; };
		D906ABF7477EE74C82C50B21 /* Pods_macOS.framework */ = {isa = PBXFileReference; explicitFileType = wrapper.framework; includeInIndex = 0; path = Pods_macOS.framework; sourceTree = BUILT_PRODUCTS_DIR; };
		DE497EE20078D7F8132B41D0 /* Pods-Tests.release.xcconfig */ = {isa = PBXFileReference; includeInIndex = 1; lastKnownFileType = text.xcconfig; name = "Pods-Tests.release.xcconfig"; path = "Pods/Target Support Files/Pods-Tests/Pods-Tests.release.xcconfig"; sourceTree = "<group>"; };
		FC3C2387D4FB229468B6F59B /* Pods-tvOS.debug.xcconfig */ = {isa = PBXFileReference; includeInIndex = 1; lastKnownFileType = text.xcconfig; name = "Pods-tvOS.debug.xcconfig"; path = "Pods/Target Support Files/Pods-tvOS/Pods-tvOS.debug.xcconfig"; sourceTree = "<group>"; };
/* End PBXFileReference section */

/* Begin PBXFrameworksBuildPhase section */
		23C453121D7789A900483DB4 /* Frameworks */ = {
			isa = PBXFrameworksBuildPhase;
			buildActionMask = 2147483647;
			files = (
				CA389ACF0976C09199339883 /* Pods_Examples.framework in Frameworks */,
			);
			runOnlyForDeploymentPostprocessing = 0;
		};
		23EA8C951D6E1550008333A4 /* Frameworks */ = {
			isa = PBXFrameworksBuildPhase;
			buildActionMask = 2147483647;
			files = (
				D452E5FE2867BD0C350E8513 /* Pods_iOS.framework in Frameworks */,
				77E7620FDA08FDB760020698 /* Pods_Tests.framework in Frameworks */,
			);
			runOnlyForDeploymentPostprocessing = 0;
		};
/* End PBXFrameworksBuildPhase section */

/* Begin PBXGroup section */
		23C4530E1D77899A00483DB4 /* iOS */ = {
			isa = PBXGroup;
			children = (
				23C6F37B1D77945A0086ADC7 /* Helpers */,
				23C6F37E1D77945A0086ADC7 /* Models */,
				23C6F3851D77945A0086ADC7 /* Resources */,
				23C6F3881D77945A0086ADC7 /* Source */,
				23C4530F1D77899A00483DB4 /* Info.plist */,
			);
			path = iOS;
			sourceTree = "<group>";
		};
		23C453161D7789A900483DB4 /* Examples */ = {
			isa = PBXGroup;
			children = (
				23C453571D778D0C00483DB4 /* Info.plist */,
				23C453271D778CE000483DB4 /* Resources */,
				23C4532F1D778CE000483DB4 /* Source */,
			);
			path = Examples;
			sourceTree = "<group>";
		};
		23C453271D778CE000483DB4 /* Resources */ = {
			isa = PBXGroup;
			children = (
				23C453281D778CE000483DB4 /* Assets */,
				23C4532A1D778CE000483DB4 /* DataModels */,
				23C4532D1D778CE000483DB4 /* Storyboards */,
			);
			path = Resources;
			sourceTree = "<group>";
		};
		23C453281D778CE000483DB4 /* Assets */ = {
			isa = PBXGroup;
			children = (
				23C453291D778CE000483DB4 /* Assets.xcassets */,
			);
			path = Assets;
			sourceTree = "<group>";
		};
		23C4532A1D778CE000483DB4 /* DataModels */ = {
			isa = PBXGroup;
			children = (
				23C4532B1D778CE000483DB4 /* Basic.xcdatamodeld */,
			);
			path = DataModels;
			sourceTree = "<group>";
		};
		23C4532D1D778CE000483DB4 /* Storyboards */ = {
			isa = PBXGroup;
			children = (
				23C4532E1D778CE000483DB4 /* LaunchScreen.storyboard */,
			);
			path = Storyboards;
			sourceTree = "<group>";
		};
		23C4532F1D778CE000483DB4 /* Source */ = {
			isa = PBXGroup;
			children = (
				23C453301D778CE000483DB4 /* App */,
				23C453321D778CE000483DB4 /* Examples */,
				23C453431D778CE000483DB4 /* Helpers */,
				23C453461D778CE000483DB4 /* Main */,
			);
			path = Source;
			sourceTree = "<group>";
		};
		23C453301D778CE000483DB4 /* App */ = {
			isa = PBXGroup;
			children = (
				23C453311D778CE000483DB4 /* AppDelegate.swift */,
			);
			path = App;
			sourceTree = "<group>";
		};
		23C453321D778CE000483DB4 /* Examples */ = {
			isa = PBXGroup;
			children = (
				23C453331D778CE000483DB4 /* CoreData */,
				23C4533B1D778CE000483DB4 /* Realm */,
			);
			path = Examples;
			sourceTree = "<group>";
		};
		23C453331D778CE000483DB4 /* CoreData */ = {
			isa = PBXGroup;
			children = (
				23C453341D778CE000483DB4 /* Basic */,
				23C453361D778CE000483DB4 /* Models */,
			);
			path = CoreData;
			sourceTree = "<group>";
		};
		23C453341D778CE000483DB4 /* Basic */ = {
			isa = PBXGroup;
			children = (
				23C453351D778CE000483DB4 /* CoreDataBasicView.swift */,
			);
			path = Basic;
			sourceTree = "<group>";
		};
		23C453361D778CE000483DB4 /* Models */ = {
			isa = PBXGroup;
			children = (
				23C453371D778CE000483DB4 /* BasicObject.swift */,
				23C453381D778CE000483DB4 /* CoreDataBasicEntity.swift */,
			);
			path = Models;
			sourceTree = "<group>";
		};
		23C4533B1D778CE000483DB4 /* Realm */ = {
			isa = PBXGroup;
			children = (
				23C4533C1D778CE000483DB4 /* Basic */,
				23C4533E1D778CE000483DB4 /* Models */,
			);
			path = Realm;
			sourceTree = "<group>";
		};
		23C4533C1D778CE000483DB4 /* Basic */ = {
			isa = PBXGroup;
			children = (
				23C4533D1D778CE000483DB4 /* RealmBasicView.swift */,
			);
			path = Basic;
			sourceTree = "<group>";
		};
		23C4533E1D778CE000483DB4 /* Models */ = {
			isa = PBXGroup;
			children = (
				23C4533F1D778CE000483DB4 /* RealmBasicEntity.swift */,
				23C453401D778CE000483DB4 /* RealmBasicObject.swift */,
			);
			path = Models;
			sourceTree = "<group>";
		};
		23C453431D778CE000483DB4 /* Helpers */ = {
			isa = PBXGroup;
			children = (
				23C453441D778CE000483DB4 /* Directory.swift */,
				23C453451D778CE000483DB4 /* Random.swift */,
			);
			path = Helpers;
			sourceTree = "<group>";
		};
		23C453461D778CE000483DB4 /* Main */ = {
			isa = PBXGroup;
			children = (
				23C453471D778CE000483DB4 /* ViewController.swift */,
			);
			path = Main;
			sourceTree = "<group>";
		};
		23C6F37B1D77945A0086ADC7 /* Helpers */ = {
			isa = PBXGroup;
			children = (
				23C6F37C1D77945A0086ADC7 /* CoreData.swift */,
				23C6F37D1D77945A0086ADC7 /* Realm.swift */,
			);
			name = Helpers;
			path = ../../Tests/Helpers;
			sourceTree = "<group>";
		};
		23C6F37E1D77945A0086ADC7 /* Models */ = {
			isa = PBXGroup;
			children = (
				23C6F37F1D77945A0086ADC7 /* CoreData */,
				23C6F3821D77945A0086ADC7 /* Realm */,
			);
			name = Models;
			path = ../../Tests/Models;
			sourceTree = "<group>";
		};
		23C6F37F1D77945A0086ADC7 /* CoreData */ = {
			isa = PBXGroup;
			children = (
				23C6F3801D77945A0086ADC7 /* Track+CoreDataProperties.swift */,
				23C6F3811D77945A0086ADC7 /* Track.swift */,
			);
			path = CoreData;
			sourceTree = "<group>";
		};
		23C6F3821D77945A0086ADC7 /* Realm */ = {
			isa = PBXGroup;
			children = (
				23C6F3831D77945A0086ADC7 /* Issue.swift */,
				23C6F3841D77945A0086ADC7 /* Repository.swift */,
			);
			path = Realm;
			sourceTree = "<group>";
		};
		23C6F3851D77945A0086ADC7 /* Resources */ = {
			isa = PBXGroup;
			children = (
				23C6F3861D77945A0086ADC7 /* DataModel.xcdatamodeld */,
			);
			name = Resources;
			path = ../../Tests/Resources;
			sourceTree = "<group>";
		};
		23C6F3881D77945A0086ADC7 /* Source */ = {
			isa = PBXGroup;
			children = (
				23C6F3891D77945A0086ADC7 /* CoreData */,
				23C6F3921D77945A0086ADC7 /* Foundation */,
				23C6F39C1D77945A0086ADC7 /* Realm */,
			);
			name = Source;
			path = ../../Tests/Source;
			sourceTree = "<group>";
		};
		23C6F3891D77945A0086ADC7 /* CoreData */ = {
			isa = PBXGroup;
			children = (
				23C6F38A1D77945A0086ADC7 /* Entities */,
				23C6F3901D77945A0086ADC7 /* Storage */,
			);
			path = CoreData;
			sourceTree = "<group>";
		};
		23C6F38A1D77945A0086ADC7 /* Entities */ = {
			isa = PBXGroup;
			children = (
				23C6F38B1D77945A0086ADC7 /* CoreDataChangeTests.swift */,
				23C6F38C1D77945A0086ADC7 /* CoreDataObservableTests.swift */,
				23C6F38D1D77945A0086ADC7 /* ObjectModelTests.swift */,
				23C6F38E1D77945A0086ADC7 /* OptionsTests.swift */,
				23C6F38F1D77945A0086ADC7 /* StoreTests.swift */,
			);
			path = Entities;
			sourceTree = "<group>";
		};
		23C6F3901D77945A0086ADC7 /* Storage */ = {
			isa = PBXGroup;
			children = (
				23C6F3911D77945A0086ADC7 /* CoreDataDefaultStorageTests.swift */,
			);
			path = Storage;
			sourceTree = "<group>";
		};
		23C6F3921D77945A0086ADC7 /* Foundation */ = {
			isa = PBXGroup;
			children = (
				23C6F3931D77945A0086ADC7 /* Entities */,
				23C6F3951D77945A0086ADC7 /* Utils */,
				23C6F3971D77945A0086ADC7 /* Version */,
			);
			path = Foundation;
			sourceTree = "<group>";
		};
		23C6F3931D77945A0086ADC7 /* Entities */ = {
			isa = PBXGroup;
			children = (
				23C6F3941D77945A0086ADC7 /* RequestTests.swift */,
			);
			path = Entities;
			sourceTree = "<group>";
		};
		23C6F3951D77945A0086ADC7 /* Utils */ = {
			isa = PBXGroup;
			children = (
				23C6F3961D77945A0086ADC7 /* DirUtilsTests.swift */,
			);
			path = Utils;
			sourceTree = "<group>";
		};
		23C6F3971D77945A0086ADC7 /* Version */ = {
			isa = PBXGroup;
			children = (
				23C6F3981D77945A0086ADC7 /* VersionControllerTests.swift */,
				23C6F3991D77945A0086ADC7 /* VersionProviderTests.swift */,
			);
			path = Version;
			sourceTree = "<group>";
		};
		23C6F39C1D77945A0086ADC7 /* Realm */ = {
			isa = PBXGroup;
			children = (
				23C6F39D1D77945A0086ADC7 /* Entities */,
				23C6F39F1D77945A0086ADC7 /* Extensions */,
				23C6F3A21D77945A0086ADC7 /* Storages */,
			);
			path = Realm;
			sourceTree = "<group>";
		};
		23C6F39D1D77945A0086ADC7 /* Entities */ = {
			isa = PBXGroup;
			children = (
				23C6F39E1D77945A0086ADC7 /* RealmObservableTests.swift */,
			);
			path = Entities;
			sourceTree = "<group>";
		};
		23C6F39F1D77945A0086ADC7 /* Extensions */ = {
			isa = PBXGroup;
			children = (
				23C6F3A01D77945A0086ADC7 /* RealmTests.swift */,
				23C6F3A11D77945A0086ADC7 /* ResultsTests.swift */,
			);
			path = Extensions;
			sourceTree = "<group>";
		};
		23C6F3A21D77945A0086ADC7 /* Storages */ = {
			isa = PBXGroup;
			children = (
				23C6F3A31D77945A0086ADC7 /* RealmDefaultStorageTests.swift */,
			);
			path = Storages;
			sourceTree = "<group>";
		};
		23D592541C2834DC00441B41 = {
			isa = PBXGroup;
			children = (
				23C4530E1D77899A00483DB4 /* iOS */,
				23C453161D7789A900483DB4 /* Examples */,
				23D5925E1C2834DC00441B41 /* Products */,
				80909552933F169F81F9A0A6 /* Pods */,
				470583AED253A9BE7D6438D6 /* Frameworks */,
			);
			sourceTree = "<group>";
		};
		23D5925E1C2834DC00441B41 /* Products */ = {
			isa = PBXGroup;
			children = (
				23EA8C981D6E1550008333A4 /* Tests.xctest */,
				23C453151D7789A900483DB4 /* Examples.app */,
			);
			name = Products;
			sourceTree = "<group>";
		};
		470583AED253A9BE7D6438D6 /* Frameworks */ = {
			isa = PBXGroup;
			children = (
				3AF27D17BD889796347061DB /* Pods_Examples.framework */,
				1CB7678692882EFC39927FB5 /* Pods_iOS.framework */,
				D906ABF7477EE74C82C50B21 /* Pods_macOS.framework */,
				A721A8DA47893D4922DCEDA7 /* Pods_tvOS.framework */,
				69A5A24E621A39568E861BD3 /* Pods_Tests.framework */,
			);
			name = Frameworks;
			sourceTree = "<group>";
		};
		80909552933F169F81F9A0A6 /* Pods */ = {
			isa = PBXGroup;
			children = (
				3146263D2EBCDCBA7B053003 /* Pods-Examples.debug.xcconfig */,
				0513623BA0E3B353159F3CE0 /* Pods-Examples.release.xcconfig */,
				56F8AD4459C8BF60E44649EB /* Pods-iOS.debug.xcconfig */,
				29FE2CCE96C3CB24F2954B8A /* Pods-iOS.release.xcconfig */,
				B3D47AFEF33877E2B95F776A /* Pods-macOS.debug.xcconfig */,
				B4CC78A1AB6E2B57F1B74D12 /* Pods-macOS.release.xcconfig */,
				FC3C2387D4FB229468B6F59B /* Pods-tvOS.debug.xcconfig */,
				9C00DE6B27B62138ECC957C2 /* Pods-tvOS.release.xcconfig */,
				0A4E7F9F3F335546243A9A30 /* Pods-Tests.debug.xcconfig */,
				DE497EE20078D7F8132B41D0 /* Pods-Tests.release.xcconfig */,
			);
			name = Pods;
			sourceTree = "<group>";
		};
/* End PBXGroup section */

/* Begin PBXNativeTarget section */
		23C453141D7789A900483DB4 /* Examples */ = {
			isa = PBXNativeTarget;
			buildConfigurationList = 23C453241D7789A900483DB4 /* Build configuration list for PBXNativeTarget "Examples" */;
			buildPhases = (
				EB3CC9AFA76F34A0B0284644 /* [CP] Check Pods Manifest.lock */,
				23C453111D7789A900483DB4 /* Sources */,
				23C453121D7789A900483DB4 /* Frameworks */,
				23C453131D7789A900483DB4 /* Resources */,
				7D0019523F8A2FB88CBF7792 /* [CP] Embed Pods Frameworks */,
				2323E6308DDA8D362D321E7B /* [CP] Copy Pods Resources */,
			);
			buildRules = (
			);
			dependencies = (
			);
			name = Examples;
			productName = Examples;
			productReference = 23C453151D7789A900483DB4 /* Examples.app */;
			productType = "com.apple.product-type.application";
		};
		23EA8C971D6E1550008333A4 /* Tests */ = {
			isa = PBXNativeTarget;
			buildConfigurationList = 23EA8CA11D6E1550008333A4 /* Build configuration list for PBXNativeTarget "Tests" */;
			buildPhases = (
				2E37201D6F17CD30684D3A46 /* [CP] Check Pods Manifest.lock */,
				23EA8C941D6E1550008333A4 /* Sources */,
				23EA8C951D6E1550008333A4 /* Frameworks */,
				23EA8C961D6E1550008333A4 /* Resources */,
				80D084EE2F81BC3572425C17 /* [CP] Embed Pods Frameworks */,
				80E0A87FEE7FEFF76DCD03A2 /* [CP] Copy Pods Resources */,
			);
			buildRules = (
			);
			dependencies = (
			);
			name = Tests;
			productName = Tests;
			productReference = 23EA8C981D6E1550008333A4 /* Tests.xctest */;
			productType = "com.apple.product-type.bundle.unit-test";
		};
/* End PBXNativeTarget section */

/* Begin PBXProject section */
		23D592551C2834DC00441B41 /* Project object */ = {
			isa = PBXProject;
			attributes = {
				LastSwiftUpdateCheck = 0730;
				LastUpgradeCheck = 0800;
				ORGANIZATIONNAME = SwiftReactive;
				TargetAttributes = {
					23C453141D7789A900483DB4 = {
						CreatedOnToolsVersion = 7.3.1;
						LastSwiftMigration = 0800;
					};
					23EA8C971D6E1550008333A4 = {
						CreatedOnToolsVersion = 7.3.1;
						LastSwiftMigration = 0800;
						TestTargetID = 23D5925C1C2834DC00441B41;
					};
				};
			};
			buildConfigurationList = 23D592581C2834DC00441B41 /* Build configuration list for PBXProject "Examples" */;
			compatibilityVersion = "Xcode 3.2";
			developmentRegion = English;
			hasScannedForEncodings = 0;
			knownRegions = (
				en,
				Base,
			);
			mainGroup = 23D592541C2834DC00441B41;
			productRefGroup = 23D5925E1C2834DC00441B41 /* Products */;
			projectDirPath = "";
			projectRoot = "";
			targets = (
				23EA8C971D6E1550008333A4 /* Tests */,
				23C453141D7789A900483DB4 /* Examples */,
			);
		};
/* End PBXProject section */

/* Begin PBXResourcesBuildPhase section */
		23C453131D7789A900483DB4 /* Resources */ = {
			isa = PBXResourcesBuildPhase;
			buildActionMask = 2147483647;
			files = (
				23C453481D778CE000483DB4 /* Assets.xcassets in Resources */,
				23C4534A1D778CE000483DB4 /* LaunchScreen.storyboard in Resources */,
			);
			runOnlyForDeploymentPostprocessing = 0;
		};
		23EA8C961D6E1550008333A4 /* Resources */ = {
			isa = PBXResourcesBuildPhase;
			buildActionMask = 2147483647;
			files = (
			);
			runOnlyForDeploymentPostprocessing = 0;
		};
/* End PBXResourcesBuildPhase section */

/* Begin PBXShellScriptBuildPhase section */
		2323E6308DDA8D362D321E7B /* [CP] Copy Pods Resources */ = {
			isa = PBXShellScriptBuildPhase;
			buildActionMask = 2147483647;
			files = (
			);
			inputPaths = (
			);
			name = "[CP] Copy Pods Resources";
			outputPaths = (
			);
			runOnlyForDeploymentPostprocessing = 0;
			shellPath = /bin/sh;
			shellScript = "\"${SRCROOT}/Pods/Target Support Files/Pods-Examples/Pods-Examples-resources.sh\"\n";
			showEnvVarsInLog = 0;
		};
		2E37201D6F17CD30684D3A46 /* [CP] Check Pods Manifest.lock */ = {
			isa = PBXShellScriptBuildPhase;
			buildActionMask = 2147483647;
			files = (
			);
			inputPaths = (
			);
			name = "[CP] Check Pods Manifest.lock";
			outputPaths = (
			);
			runOnlyForDeploymentPostprocessing = 0;
			shellPath = /bin/sh;
			shellScript = "diff \"${PODS_ROOT}/../Podfile.lock\" \"${PODS_ROOT}/Manifest.lock\" > /dev/null\nif [ $? != 0 ] ; then\n    # print error to STDERR\n    echo \"error: The sandbox is not in sync with the Podfile.lock. Run 'pod install' or update your CocoaPods installation.\" >&2\n    exit 1\nfi\n";
			showEnvVarsInLog = 0;
		};
		7D0019523F8A2FB88CBF7792 /* [CP] Embed Pods Frameworks */ = {
			isa = PBXShellScriptBuildPhase;
			buildActionMask = 2147483647;
			files = (
			);
			inputPaths = (
			);
			name = "[CP] Embed Pods Frameworks";
			outputPaths = (
			);
			runOnlyForDeploymentPostprocessing = 0;
			shellPath = /bin/sh;
			shellScript = "\"${SRCROOT}/Pods/Target Support Files/Pods-Examples/Pods-Examples-frameworks.sh\"\n";
			showEnvVarsInLog = 0;
		};
		80D084EE2F81BC3572425C17 /* [CP] Embed Pods Frameworks */ = {
			isa = PBXShellScriptBuildPhase;
			buildActionMask = 2147483647;
			files = (
			);
			inputPaths = (
			);
			name = "[CP] Embed Pods Frameworks";
			outputPaths = (
			);
			runOnlyForDeploymentPostprocessing = 0;
			shellPath = /bin/sh;
			shellScript = "\"${SRCROOT}/Pods/Target Support Files/Pods-Tests/Pods-Tests-frameworks.sh\"\n";
			showEnvVarsInLog = 0;
		};
		80E0A87FEE7FEFF76DCD03A2 /* [CP] Copy Pods Resources */ = {
			isa = PBXShellScriptBuildPhase;
			buildActionMask = 2147483647;
			files = (
			);
			inputPaths = (
			);
			name = "[CP] Copy Pods Resources";
			outputPaths = (
			);
			runOnlyForDeploymentPostprocessing = 0;
			shellPath = /bin/sh;
			shellScript = "\"${SRCROOT}/Pods/Target Support Files/Pods-Tests/Pods-Tests-resources.sh\"\n";
			showEnvVarsInLog = 0;
		};
		EB3CC9AFA76F34A0B0284644 /* [CP] Check Pods Manifest.lock */ = {
			isa = PBXShellScriptBuildPhase;
			buildActionMask = 2147483647;
			files = (
			);
			inputPaths = (
			);
			name = "[CP] Check Pods Manifest.lock";
			outputPaths = (
			);
			runOnlyForDeploymentPostprocessing = 0;
			shellPath = /bin/sh;
			shellScript = "diff \"${PODS_ROOT}/../Podfile.lock\" \"${PODS_ROOT}/Manifest.lock\" > /dev/null\nif [ $? != 0 ] ; then\n    # print error to STDERR\n    echo \"error: The sandbox is not in sync with the Podfile.lock. Run 'pod install' or update your CocoaPods installation.\" >&2\n    exit 1\nfi\n";
			showEnvVarsInLog = 0;
		};
/* End PBXShellScriptBuildPhase section */

/* Begin PBXSourcesBuildPhase section */
		23C453111D7789A900483DB4 /* Sources */ = {
			isa = PBXSourcesBuildPhase;
			buildActionMask = 2147483647;
			files = (
				23C453521D778CE000483DB4 /* RealmBasicObject.swift in Sources */,
				23C453511D778CE000483DB4 /* RealmBasicEntity.swift in Sources */,
				23C4534C1D778CE000483DB4 /* CoreDataBasicView.swift in Sources */,
				23C4534D1D778CE000483DB4 /* BasicObject.swift in Sources */,
				23C453501D778CE000483DB4 /* RealmBasicView.swift in Sources */,
				23C4534B1D778CE000483DB4 /* AppDelegate.swift in Sources */,
				23C453561D778CE000483DB4 /* ViewController.swift in Sources */,
				23C453551D778CE000483DB4 /* Random.swift in Sources */,
				23C453541D778CE000483DB4 /* Directory.swift in Sources */,
				23C453491D778CE000483DB4 /* Basic.xcdatamodeld in Sources */,
				23C4534E1D778CE000483DB4 /* CoreDataBasicEntity.swift in Sources */,
			);
			runOnlyForDeploymentPostprocessing = 0;
		};
		23EA8C941D6E1550008333A4 /* Sources */ = {
			isa = PBXSourcesBuildPhase;
			buildActionMask = 2147483647;
			files = (
				23C6F3B11D77945A0086ADC7 /* RequestTests.swift in Sources */,
				23C6F3AB1D77945A0086ADC7 /* CoreDataChangeTests.swift in Sources */,
				23C6F3A81D77945A0086ADC7 /* Issue.swift in Sources */,
				23C6F3B31D77945A0086ADC7 /* VersionControllerTests.swift in Sources */,
				23C6F3A41D77945A0086ADC7 /* CoreData.swift in Sources */,
				23C6F3AD1D77945A0086ADC7 /* ObjectModelTests.swift in Sources */,
				23C6F3B01D77945A0086ADC7 /* CoreDataDefaultStorageTests.swift in Sources */,
				23C6F3A51D77945A0086ADC7 /* Realm.swift in Sources */,
				23C6F3AA1D77945A0086ADC7 /* DataModel.xcdatamodeld in Sources */,
				23C6F3B71D77945A0086ADC7 /* RealmTests.swift in Sources */,
				23C6F3A61D77945A0086ADC7 /* Track+CoreDataProperties.swift in Sources */,
				23C6F3B21D77945A0086ADC7 /* DirUtilsTests.swift in Sources */,
				23C6F3B41D77945A0086ADC7 /* VersionProviderTests.swift in Sources */,
				23C6F3B91D77945A0086ADC7 /* RealmDefaultStorageTests.swift in Sources */,
				23C6F3AE1D77945A0086ADC7 /* OptionsTests.swift in Sources */,
				2355ADF91D91C0D300836EF6 /* CoreDataObservableTests.swift in Sources */,
				23C6F3B81D77945A0086ADC7 /* ResultsTests.swift in Sources */,
				23C6F3A71D77945A0086ADC7 /* Track.swift in Sources */,
				23C6F3A91D77945A0086ADC7 /* Repository.swift in Sources */,
				23C6F3AF1D77945A0086ADC7 /* StoreTests.swift in Sources */,
				23C6F3B61D77945A0086ADC7 /* RealmObservableTests.swift in Sources */,
			);
			runOnlyForDeploymentPostprocessing = 0;
		};
/* End PBXSourcesBuildPhase section */

/* Begin XCBuildConfiguration section */
		23C453251D7789A900483DB4 /* Debug */ = {
			isa = XCBuildConfiguration;
			baseConfigurationReference = 3146263D2EBCDCBA7B053003 /* Pods-Examples.debug.xcconfig */;
			buildSettings = {
				ASSETCATALOG_COMPILER_APPICON_NAME = AppIcon;
				CLANG_ANALYZER_NONNULL = YES;
				INFOPLIST_FILE = Examples/Info.plist;
				IPHONEOS_DEPLOYMENT_TARGET = 9.3;
				LD_RUNPATH_SEARCH_PATHS = "$(inherited) @executable_path/Frameworks";
				PRODUCT_BUNDLE_IDENTIFIER = in.caramba.Examples;
				PRODUCT_NAME = "$(TARGET_NAME)";
				SWIFT_VERSION = 3.0;
			};
			name = Debug;
		};
		23C453261D7789A900483DB4 /* Release */ = {
			isa = XCBuildConfiguration;
			baseConfigurationReference = 0513623BA0E3B353159F3CE0 /* Pods-Examples.release.xcconfig */;
			buildSettings = {
				ASSETCATALOG_COMPILER_APPICON_NAME = AppIcon;
				CLANG_ANALYZER_NONNULL = YES;
				INFOPLIST_FILE = Examples/Info.plist;
				IPHONEOS_DEPLOYMENT_TARGET = 9.3;
				LD_RUNPATH_SEARCH_PATHS = "$(inherited) @executable_path/Frameworks";
				PRODUCT_BUNDLE_IDENTIFIER = in.caramba.Examples;
				PRODUCT_NAME = "$(TARGET_NAME)";
				SWIFT_VERSION = 3.0;
			};
			name = Release;
		};
		23D5926D1C2834DC00441B41 /* Debug */ = {
			isa = XCBuildConfiguration;
			buildSettings = {
				ALWAYS_SEARCH_USER_PATHS = NO;
				CLANG_CXX_LANGUAGE_STANDARD = "gnu++0x";
				CLANG_CXX_LIBRARY = "libc++";
				CLANG_ENABLE_MODULES = YES;
				CLANG_ENABLE_OBJC_ARC = YES;
				CLANG_WARN_BOOL_CONVERSION = YES;
				CLANG_WARN_CONSTANT_CONVERSION = YES;
				CLANG_WARN_DIRECT_OBJC_ISA_USAGE = YES_ERROR;
				CLANG_WARN_EMPTY_BODY = YES;
				CLANG_WARN_ENUM_CONVERSION = YES;
				CLANG_WARN_INFINITE_RECURSION = YES;
				CLANG_WARN_INT_CONVERSION = YES;
				CLANG_WARN_OBJC_ROOT_CLASS = YES_ERROR;
				CLANG_WARN_SUSPICIOUS_MOVE = YES;
				CLANG_WARN_UNREACHABLE_CODE = YES;
				CLANG_WARN__DUPLICATE_METHOD_MATCH = YES;
				"CODE_SIGN_IDENTITY[sdk=iphoneos*]" = "iPhone Developer";
				COPY_PHASE_STRIP = NO;
				DEBUG_INFORMATION_FORMAT = dwarf;
				ENABLE_STRICT_OBJC_MSGSEND = YES;
				ENABLE_TESTABILITY = YES;
				GCC_C_LANGUAGE_STANDARD = gnu99;
				GCC_DYNAMIC_NO_PIC = NO;
				GCC_NO_COMMON_BLOCKS = YES;
				GCC_OPTIMIZATION_LEVEL = 0;
				GCC_PREPROCESSOR_DEFINITIONS = (
					"DEBUG=1",
					"$(inherited)",
				);
				GCC_WARN_64_TO_32_BIT_CONVERSION = YES;
				GCC_WARN_ABOUT_RETURN_TYPE = YES_ERROR;
				GCC_WARN_UNDECLARED_SELECTOR = YES;
				GCC_WARN_UNINITIALIZED_AUTOS = YES_AGGRESSIVE;
				GCC_WARN_UNUSED_FUNCTION = YES;
				GCC_WARN_UNUSED_VARIABLE = YES;
				IPHONEOS_DEPLOYMENT_TARGET = 9.2;
				MTL_ENABLE_DEBUG_INFO = YES;
				ONLY_ACTIVE_ARCH = YES;
				SDKROOT = iphoneos;
				SWIFT_OPTIMIZATION_LEVEL = "-Onone";
			};
			name = Debug;
		};
		23D5926E1C2834DC00441B41 /* Release */ = {
			isa = XCBuildConfiguration;
			buildSettings = {
				ALWAYS_SEARCH_USER_PATHS = NO;
				CLANG_CXX_LANGUAGE_STANDARD = "gnu++0x";
				CLANG_CXX_LIBRARY = "libc++";
				CLANG_ENABLE_MODULES = YES;
				CLANG_ENABLE_OBJC_ARC = YES;
				CLANG_WARN_BOOL_CONVERSION = YES;
				CLANG_WARN_CONSTANT_CONVERSION = YES;
				CLANG_WARN_DIRECT_OBJC_ISA_USAGE = YES_ERROR;
				CLANG_WARN_EMPTY_BODY = YES;
				CLANG_WARN_ENUM_CONVERSION = YES;
				CLANG_WARN_INFINITE_RECURSION = YES;
				CLANG_WARN_INT_CONVERSION = YES;
				CLANG_WARN_OBJC_ROOT_CLASS = YES_ERROR;
				CLANG_WARN_SUSPICIOUS_MOVE = YES;
				CLANG_WARN_UNREACHABLE_CODE = YES;
				CLANG_WARN__DUPLICATE_METHOD_MATCH = YES;
				"CODE_SIGN_IDENTITY[sdk=iphoneos*]" = "iPhone Developer";
				COPY_PHASE_STRIP = NO;
				DEBUG_INFORMATION_FORMAT = "dwarf-with-dsym";
				ENABLE_NS_ASSERTIONS = NO;
				ENABLE_STRICT_OBJC_MSGSEND = YES;
				GCC_C_LANGUAGE_STANDARD = gnu99;
				GCC_NO_COMMON_BLOCKS = YES;
				GCC_WARN_64_TO_32_BIT_CONVERSION = YES;
				GCC_WARN_ABOUT_RETURN_TYPE = YES_ERROR;
				GCC_WARN_UNDECLARED_SELECTOR = YES;
				GCC_WARN_UNINITIALIZED_AUTOS = YES_AGGRESSIVE;
				GCC_WARN_UNUSED_FUNCTION = YES;
				GCC_WARN_UNUSED_VARIABLE = YES;
				IPHONEOS_DEPLOYMENT_TARGET = 9.2;
				MTL_ENABLE_DEBUG_INFO = NO;
				SDKROOT = iphoneos;
				SWIFT_OPTIMIZATION_LEVEL = "-Owholemodule";
				VALIDATE_PRODUCT = YES;
			};
			name = Release;
		};
		23EA8C9F1D6E1550008333A4 /* Debug */ = {
			isa = XCBuildConfiguration;
			baseConfigurationReference = 0A4E7F9F3F335546243A9A30 /* Pods-Tests.debug.xcconfig */;
			buildSettings = {
				BUNDLE_LOADER = "$(TEST_HOST)";
				CLANG_ANALYZER_NONNULL = YES;
				INFOPLIST_FILE = iOS/Info.plist;
				IPHONEOS_DEPLOYMENT_TARGET = 9.3;
				LD_RUNPATH_SEARCH_PATHS = "$(inherited) @executable_path/Frameworks @loader_path/Frameworks";
				PRODUCT_BUNDLE_IDENTIFIER = io.sugarrecord.Tests;
				PRODUCT_NAME = "$(TARGET_NAME)";
				SWIFT_VERSION = 3.0;
				TEST_HOST = "$(BUILT_PRODUCTS_DIR)/Examples.app/Examples";
			};
			name = Debug;
		};
		23EA8CA01D6E1550008333A4 /* Release */ = {
			isa = XCBuildConfiguration;
			baseConfigurationReference = DE497EE20078D7F8132B41D0 /* Pods-Tests.release.xcconfig */;
			buildSettings = {
				BUNDLE_LOADER = "$(TEST_HOST)";
				CLANG_ANALYZER_NONNULL = YES;
				INFOPLIST_FILE = iOS/Info.plist;
				IPHONEOS_DEPLOYMENT_TARGET = 9.3;
				LD_RUNPATH_SEARCH_PATHS = "$(inherited) @executable_path/Frameworks @loader_path/Frameworks";
				PRODUCT_BUNDLE_IDENTIFIER = io.sugarrecord.Tests;
				PRODUCT_NAME = "$(TARGET_NAME)";
				SWIFT_VERSION = 3.0;
				TEST_HOST = "$(BUILT_PRODUCTS_DIR)/Examples.app/Examples";
			};
			name = Release;
		};
/* End XCBuildConfiguration section */

/* Begin XCConfigurationList section */
		23C453241D7789A900483DB4 /* Build configuration list for PBXNativeTarget "Examples" */ = {
			isa = XCConfigurationList;
			buildConfigurations = (
				23C453251D7789A900483DB4 /* Debug */,
				23C453261D7789A900483DB4 /* Release */,
			);
			defaultConfigurationIsVisible = 0;
			defaultConfigurationName = Release;
		};
		23D592581C2834DC00441B41 /* Build configuration list for PBXProject "Examples" */ = {
			isa = XCConfigurationList;
			buildConfigurations = (
				23D5926D1C2834DC00441B41 /* Debug */,
				23D5926E1C2834DC00441B41 /* Release */,
			);
			defaultConfigurationIsVisible = 0;
			defaultConfigurationName = Release;
		};
		23EA8CA11D6E1550008333A4 /* Build configuration list for PBXNativeTarget "Tests" */ = {
			isa = XCConfigurationList;
			buildConfigurations = (
				23EA8C9F1D6E1550008333A4 /* Debug */,
				23EA8CA01D6E1550008333A4 /* Release */,
			);
			defaultConfigurationIsVisible = 0;
			defaultConfigurationName = Release;
		};
/* End XCConfigurationList section */

/* Begin XCVersionGroup section */
		23C4532B1D778CE000483DB4 /* Basic.xcdatamodeld */ = {
			isa = XCVersionGroup;
			children = (
				23C4532C1D778CE000483DB4 /* Basic.xcdatamodel */,
			);
			currentVersion = 23C4532C1D778CE000483DB4 /* Basic.xcdatamodel */;
			path = Basic.xcdatamodeld;
			sourceTree = "<group>";
			versionGroupType = wrapper.xcdatamodel;
		};
		23C6F3861D77945A0086ADC7 /* DataModel.xcdatamodeld */ = {
			isa = XCVersionGroup;
			children = (
				23C6F3871D77945A0086ADC7 /* DataModel.xcdatamodel */,
			);
			currentVersion = 23C6F3871D77945A0086ADC7 /* DataModel.xcdatamodel */;
			path = DataModel.xcdatamodeld;
			sourceTree = "<group>";
			versionGroupType = wrapper.xcdatamodel;
		};
/* End XCVersionGroup section */
	};
	rootObject = 23D592551C2834DC00441B41 /* Project object */;
}
